
Microsoft Visual Studio Solution File, Format Version 12.00
# Visual Studio Version 17
VisualStudioVersion = 17.3.32901.215
MinimumVisualStudioVersion = 10.0.40219.1
Project("{9A19103F-16F7-4668-BE54-9A1E7A4F7556}") = "TodoIt6.0", "TodoIt6.0\TodoIt6.0.csproj", "{61E75B4D-A649-4B46-8913-5D5A05EC7D31}"
EndProject
Project("{FAE04EC0-301F-11D3-BF4B-00C04F79EFBC}") = "TodoItTests", "TodoItTests\TodoItTests.csproj", "{D3099E1D-AE93-4381-9C44-60EB5E5E6CF1}"
EndProject
Global
	GlobalSection(SolutionConfigurationPlatforms) = preSolution
		Debug|Any CPU = Debug|Any CPU
		Release|Any CPU = Release|Any CPU
	EndGlobalSection
	GlobalSection(ProjectConfigurationPlatforms) = postSolution
		{61E75B4D-A649-4B46-8913-5D5A05EC7D31}.Debug|Any CPU.ActiveCfg = Debug|Any CPU
		{61E75B4D-A649-4B46-8913-5D5A05EC7D31}.Debug|Any CPU.Build.0 = Debug|Any CPU
		{61E75B4D-A649-4B46-8913-5D5A05EC7D31}.Release|Any CPU.ActiveCfg = Release|Any CPU
		{61E75B4D-A649-4B46-8913-5D5A05EC7D31}.Release|Any CPU.Build.0 = Release|Any CPU
		{D3099E1D-AE93-4381-9C44-60EB5E5E6CF1}.Debug|Any CPU.ActiveCfg = Debug|Any CPU
		{D3099E1D-AE93-4381-9C44-60EB5E5E6CF1}.Debug|Any CPU.Build.0 = Debug|Any CPU
		{D3099E1D-AE93-4381-9C44-60EB5E5E6CF1}.Release|Any CPU.ActiveCfg = Release|Any CPU
		{D3099E1D-AE93-4381-9C44-60EB5E5E6CF1}.Release|Any CPU.Build.0 = Release|Any CPU
	EndGlobalSection
	GlobalSection(SolutionProperties) = preSolution
		HideSolutionNode = FALSE
	EndGlobalSection
	GlobalSection(ExtensibilityGlobals) = postSolution
		SolutionGuid = {2AF9366B-802C-4405-ACFC-B087E1CC0836}
	EndGlobalSection
EndGlobal
